{
  "pins" : [
    {
      "identity" : "foundationx",
      "kind" : "remoteSourceControl",
      "location" : "https://github.com/Lguanghui/FoundationX.git",
      "state" : {
        "branch" : "master",
        "revision" : "c3cbc9500ff9ef7c468462f8e5436c176d34b600"
      }
    },
    {
      "identity" : "swiftuifoundation",
      "kind" : "remoteSourceControl",
      "location" : "https://github.com/Lguanghui/SwiftUIFoundation.git",
      "state" : {
        "branch" : "master",
        "revision" : "7a890cfdbc78566929cdb0b459720df030fe24d1"
      }
    }
  ],
  "version" : 2
}
